// !$*UTF8*$!
{
	archiveVersion = 1;
	classes = {
	};
	objectVersion = 56;
	objects = {

/* Begin PBXBuildFile section */
		B9C349B1B96A4C3D975581BB /* AppEnvironment.swift in Sources */ = {isa = PBXBuildFile; fileRef = 2EBD530C3E0F4E029B78C128 /* AppEnvironment.swift */; };
		A1E170971A1A4EF58D95E021 /* AppRouter.swift in Sources */ = {isa = PBXBuildFile; fileRef = 0E2F62849EC7457492219078 /* AppRouter.swift */; };
		1B6146E89E15460695DA7A4D /* BalootHubApp.swift in Sources */ = {isa = PBXBuildFile; fileRef = D10E2C56EFED4109AA317BF3 /* BalootHubApp.swift */; };
		529EF7EDF1804FBC82FED2EC /* RootTabView.swift in Sources */ = {isa = PBXBuildFile; fileRef = 41EF024C529F4D39B261D9D9 /* RootTabView.swift */; };
		003F12B7AF1147CFA775C624 /* AppAnimation.swift in Sources */ = {isa = PBXBuildFile; fileRef = C6A859FD332A4FD6AB73A004 /* AppAnimation.swift */; };
		8030A3C195BA457F83922533 /* AppColor.swift in Sources */ = {isa = PBXBuildFile; fileRef = F5D71A9DE92544918B40B712 /* AppColor.swift */; };
		230B93AF93A34D21B23D548F /* AppRadius.swift in Sources */ = {isa = PBXBuildFile; fileRef = CD327F6E506640BCBCF86B90 /* AppRadius.swift */; };
		61F13B5488C84DEAA09C1DF3 /* AppShadow.swift in Sources */ = {isa = PBXBuildFile; fileRef = 848EDA40DF184CF781C61A94 /* AppShadow.swift */; };
		F6E8C7E46DD04AEE950922F9 /* AppSpacing.swift in Sources */ = {isa = PBXBuildFile; fileRef = 8FEAB8A9EE094A00B96258EF /* AppSpacing.swift */; };
		9CAD4557F7D248428C5F6CE5 /* AppTypography.swift in Sources */ = {isa = PBXBuildFile; fileRef = 74199DC881014B42882FE6C3 /* AppTypography.swift */; };
		C5A02FB8298A4DF0912E0443 /* GameCardView.swift in Sources */ = {isa = PBXBuildFile; fileRef = B86D021D851B4EE2B3C92D16 /* GameCardView.swift */; };
		A8E260B43544459ABE1F93B2 /* StateViews.swift in Sources */ = {isa = PBXBuildFile; fileRef = 163CDD8053E844BDAF883655 /* StateViews.swift */; };
		46A8F05EEA264D8A8F12D237 /* StatusBadge.swift in Sources */ = {isa = PBXBuildFile; fileRef = E26F1901589540B5AF735A37 /* StatusBadge.swift */; };
		87E85EA61E3A471398660D41 /* CatalogSeeder.swift in Sources */ = {isa = PBXBuildFile; fileRef = 6718157CEF0C425C80159533 /* CatalogSeeder.swift */; };
		868558CE2FB24148BD301586 /* PersistenceController.swift in Sources */ = {isa = PBXBuildFile; fileRef = 3B1E2CE87D3E46DF86EFA664 /* PersistenceController.swift */; };
		B2FDC436A6F9488FA8919271 /* AppSettings.swift in Sources */ = {isa = PBXBuildFile; fileRef = C67199370635473BAB839ADF /* AppSettings.swift */; };
		A4099A196D03489E9DF3623D /* BalootMode.swift in Sources */ = {isa = PBXBuildFile; fileRef = C367A55905AB47CBBB4E4925 /* BalootMode.swift */; };
		39D4EE2E35DE4766933134A7 /* Difficulty.swift in Sources */ = {isa = PBXBuildFile; fileRef = 43F8A5DDE9514264999D32AF /* Difficulty.swift */; };
		CE8A47FB5A074082B288D0DD /* GameCatalogItem.swift in Sources */ = {isa = PBXBuildFile; fileRef = D956A552802C44EE9E7616E5 /* GameCatalogItem.swift */; };
		1C4D6563A41D4FDCA8234768 /* GameCategory.swift in Sources */ = {isa = PBXBuildFile; fileRef = F0F497C746E14D9B9D37C16E /* GameCategory.swift */; };
		979E68290B6B4463975F8D21 /* GameRuleSection.swift in Sources */ = {isa = PBXBuildFile; fileRef = 01AE34D93AC440DDB9A6F2F0 /* GameRuleSection.swift */; };
		3619A8C48E9B496CA0D77398 /* ScoreRound.swift in Sources */ = {isa = PBXBuildFile; fileRef = E0811162DCF843A7B33CF1E3 /* ScoreRound.swift */; };
		5F6247EDBCD44AB7BCDDE0FB /* ScoreSession.swift in Sources */ = {isa = PBXBuildFile; fileRef = D580074AC68348148D5DC26D /* ScoreSession.swift */; };
		41C5D46DD8114F4EA837279D /* SettingsRepository.swift in Sources */ = {isa = PBXBuildFile; fileRef = 58DE3BF27BC849B48E1249E4 /* SettingsRepository.swift */; };
		10F7E300CEB243B0A5B5531F /* CatalogFilter.swift in Sources */ = {isa = PBXBuildFile; fileRef = 774F64E2FF1449F4BFBB8528 /* CatalogFilter.swift */; };
		DDA37C25EA9445F6A7AF6F6F /* ScoreRules.swift in Sources */ = {isa = PBXBuildFile; fileRef = 08D5EFA6DCEE4185BB3648B4 /* ScoreRules.swift */; };
		77D2F8E6A63B4F0E94D2A15C /* BalootAcademy.swift in Sources */ = {isa = PBXBuildFile; fileRef = C3A58DE91B234B9A8D2E7781 /* BalootAcademy.swift */; };
		5F0C8B4A7D6E4B3EB15C229A /* DailyChallengeCenter.swift in Sources */ = {isa = PBXBuildFile; fileRef = F88C1D026EA1418FA1FEC017 /* DailyChallengeCenter.swift */; };
		A2D4F9C77B8E4B7D9B2F6A31 /* ScoringQuiz.swift in Sources */ = {isa = PBXBuildFile; fileRef = 4B8D6F9A33124E5DB6D3A2F1 /* ScoringQuiz.swift */; };
		32ACBC56B3044B9EBB30C480 /* BalootGamePlayView.swift in Sources */ = {isa = PBXBuildFile; fileRef = 7E31630790994E7BB9617012 /* BalootGamePlayView.swift */; };
		BF35E3077EDB42F186FE72CB /* BalootGameViewModel.swift in Sources */ = {isa = PBXBuildFile; fileRef = FAE8450C865F4F15A45940DC /* BalootGameViewModel.swift */; };
		9B68F276832B4D0191D79F10 /* RoundReplayView.swift in Sources */ = {isa = PBXBuildFile; fileRef = 4F63CE859BAE4F7DB4607E4B /* RoundReplayView.swift */; };
		5C3207CE093746BEA8914BDB /* CatalogView.swift in Sources */ = {isa = PBXBuildFile; fileRef = 45BD7ECD51144879B505C6CB /* CatalogView.swift */; };
		11DB90A3C4F54107B6920FA9 /* GameDetailsView.swift in Sources */ = {isa = PBXBuildFile; fileRef = C69C0BE86F2246FB8D1A7E46 /* GameDetailsView.swift */; };
		2F5DAB8C1A664481B5A2F9E0 /* BalootAcademyView.swift in Sources */ = {isa = PBXBuildFile; fileRef = B12F4C7E2B5849279DE053AA /* BalootAcademyView.swift */; };
		C768421D8F15445490E32AB4 /* DailyChallengesView.swift in Sources */ = {isa = PBXBuildFile; fileRef = 0DB39145A21E4CA2A44D6B28 /* DailyChallengesView.swift */; };
		8A3E5D6C9F224CCB8D1076FA /* ScoringQuizView.swift in Sources */ = {isa = PBXBuildFile; fileRef = D4B917E8B5C44A0CB153A9C2 /* ScoringQuizView.swift */; };
		0283C1815C604A66995536D0 /* HomeView.swift in Sources */ = {isa = PBXBuildFile; fileRef = 77B10AC6CA684350A7089C28 /* HomeView.swift */; };
		0BAEE16832A14DD0AC8A0111 /* MatchHistoryView.swift in Sources */ = {isa = PBXBuildFile; fileRef = 027593F2A63A4966AC066FDE /* MatchHistoryView.swift */; };
		18B4663CAF194B098B610909 /* RulesView.swift in Sources */ = {isa = PBXBuildFile; fileRef = C714AB19C41A4452A6408D3C /* RulesView.swift */; };
		175C0313307E4C228B8FB145 /* AddEditRoundView.swift in Sources */ = {isa = PBXBuildFile; fileRef = 4B9C56455AED417BB794EFB6 /* AddEditRoundView.swift */; };
		E75250A5742A411CA9B4A8BF /* NewScorekeeperSessionView.swift in Sources */ = {isa = PBXBuildFile; fileRef = D0B5439E97E842DC97907201 /* NewScorekeeperSessionView.swift */; };
		F8CA1C8C0E77448C886FF98F /* ScorekeeperHomeView.swift in Sources */ = {isa = PBXBuildFile; fileRef = 8656E5E144954110A70861C4 /* ScorekeeperHomeView.swift */; };
		D9F9DDE126A54A5C809A7C50 /* ScorekeeperSessionView.swift in Sources */ = {isa = PBXBuildFile; fileRef = F5A2203BC3A84E198EDDE66B /* ScorekeeperSessionView.swift */; };
		79BA9746DCA54A48B4846ED5 /* SettingsView.swift in Sources */ = {isa = PBXBuildFile; fileRef = B65370442FE445AB8978857A /* SettingsView.swift */; };
		823142081B934ADB98E8C970 /* CatalogFilterTests.swift in Sources */ = {isa = PBXBuildFile; fileRef = 84754BC8F6B844649CF3D023 /* CatalogFilterTests.swift */; };
		0F25653820F7429F931B4AF2 /* CatalogSeederTests.swift in Sources */ = {isa = PBXBuildFile; fileRef = 05DA4313DC03409888B1B43F /* CatalogSeederTests.swift */; };
		B2D1EF02C3A55B2FAD1E2F30 /* CatalogIntegrityTests.swift in Sources */ = {isa = PBXBuildFile; fileRef = A1C0DE01B2F44A1E9C0D1E2F /* CatalogIntegrityTests.swift */; };
		D4F30124E5C77D41CF304152 /* GamePlaythroughTests.swift in Sources */ = {isa = PBXBuildFile; fileRef = C3E2F013D4B66C30BE2F3041 /* GamePlaythroughTests.swift */; };
		31B5FD970C5946BFA8589248 /* BalootAcademyTests.swift in Sources */ = {isa = PBXBuildFile; fileRef = 821BF8DC70D1422390424FDB /* BalootAcademyTests.swift */; };
		E2929817FB37462286040967 /* DailyChallengeCenterTests.swift in Sources */ = {isa = PBXBuildFile; fileRef = 166DFA625C7D4E779784254C /* DailyChallengeCenterTests.swift */; };
		6B91A47E26184C3FA73A0E58 /* ScoringQuizTests.swift in Sources */ = {isa = PBXBuildFile; fileRef = 0A7C2D6F5E9A4B6D9C3E1F82 /* ScoringQuizTests.swift */; };
		1534A5689A6145759E26A22A /* ScoreRulesTests.swift in Sources */ = {isa = PBXBuildFile; fileRef = EE9E72237F624BCFAA8EE59D /* ScoreRulesTests.swift */; };
		F5E7838995964BF181779782 /* ScoreSessionTests.swift in Sources */ = {isa = PBXBuildFile; fileRef = 09DAF1F1F27B4D3FB87ACC84 /* ScoreSessionTests.swift */; };
		48D369A5FB1E459C8B133283 /* Assets.xcassets in Resources */ = {isa = PBXBuildFile; fileRef = 20E0FBBD7CE549F2A3856DB6 /* Assets.xcassets */; };
		166C8047BAEC44568A030D73 /* Localizable.xcstrings in Resources */ = {isa = PBXBuildFile; fileRef = E32D73CAC888412DAEE3DF83 /* Localizable.xcstrings */; };
		F70F14C4E298417F9B5BF315 /* BalootEngine in Frameworks */ = {isa = PBXBuildFile; productRef = 4590EC0E0CDB435687D96BE3 /* BalootEngine */; };
		F2BAAC0D94FF47CA855544E0 /* String+Localized.swift in Sources */ = {isa = PBXBuildFile; fileRef = 5C5274FC0EE24B55B81A0DB6 /* String+Localized.swift */; };
		65A1AE5C58E64E6C83790D91 /* PurchaseManager.swift in Sources */ = {isa = PBXBuildFile; fileRef = 4758A99A56664E9C962452F2 /* PurchaseManager.swift */; };
		92078686623F498BBE8CF9D2 /* PaywallView.swift in Sources */ = {isa = PBXBuildFile; fileRef = B70BBCF20A74430985D4CF5E /* PaywallView.swift */; };
/* End PBXBuildFile section */

/* Begin PBXContainerItemProxy section */
		145C6541279D4BF4A080183A /* PBXContainerItemProxy */ = {
			isa = PBXContainerItemProxy;
			containerPortal = 450200F0F1554C079B862A5E /* Project object */;
			proxyType = 1;
			remoteGlobalIDString = DFF2DCB47501414CA81ADA93;
			remoteInfo = BalootHub;
		};
/* End PBXContainerItemProxy section */

/* Begin PBXFileReference section */
		2EBD530C3E0F4E029B78C128 /* AppEnvironment.swift */ = {isa = PBXFileReference; lastKnownFileType = sourcecode.swift; path = AppEnvironment.swift; sourceTree = "<group>"; };
		0E2F62849EC7457492219078 /* AppRouter.swift */ = {isa = PBXFileReference; lastKnownFileType = sourcecode.swift; path = AppRouter.swift; sourceTree = "<group>"; };
		D10E2C56EFED4109AA317BF3 /* BalootHubApp.swift */ = {isa = PBXFileReference; lastKnownFileType = sourcecode.swift; path = BalootHubApp.swift; sourceTree = "<group>"; };
		41EF024C529F4D39B261D9D9 /* RootTabView.swift */ = {isa = PBXFileReference; lastKnownFileType = sourcecode.swift; path = RootTabView.swift; sourceTree = "<group>"; };
		C6A859FD332A4FD6AB73A004 /* AppAnimation.swift */ = {isa = PBXFileReference; lastKnownFileType = sourcecode.swift; path = AppAnimation.swift; sourceTree = "<group>"; };
		F5D71A9DE92544918B40B712 /* AppColor.swift */ = {isa = PBXFileReference; lastKnownFileType = sourcecode.swift; path = AppColor.swift; sourceTree = "<group>"; };
		CD327F6E506640BCBCF86B90 /* AppRadius.swift */ = {isa = PBXFileReference; lastKnownFileType = sourcecode.swift; path = AppRadius.swift; sourceTree = "<group>"; };
		848EDA40DF184CF781C61A94 /* AppShadow.swift */ = {isa = PBXFileReference; lastKnownFileType = sourcecode.swift; path = AppShadow.swift; sourceTree = "<group>"; };
		8FEAB8A9EE094A00B96258EF /* AppSpacing.swift */ = {isa = PBXFileReference; lastKnownFileType = sourcecode.swift; path = AppSpacing.swift; sourceTree = "<group>"; };
		74199DC881014B42882FE6C3 /* AppTypography.swift */ = {isa = PBXFileReference; lastKnownFileType = sourcecode.swift; path = AppTypography.swift; sourceTree = "<group>"; };
		B86D021D851B4EE2B3C92D16 /* GameCardView.swift */ = {isa = PBXFileReference; lastKnownFileType = sourcecode.swift; path = GameCardView.swift; sourceTree = "<group>"; };
		163CDD8053E844BDAF883655 /* StateViews.swift */ = {isa = PBXFileReference; lastKnownFileType = sourcecode.swift; path = StateViews.swift; sourceTree = "<group>"; };
		E26F1901589540B5AF735A37 /* StatusBadge.swift */ = {isa = PBXFileReference; lastKnownFileType = sourcecode.swift; path = StatusBadge.swift; sourceTree = "<group>"; };
		6718157CEF0C425C80159533 /* CatalogSeeder.swift */ = {isa = PBXFileReference; lastKnownFileType = sourcecode.swift; path = CatalogSeeder.swift; sourceTree = "<group>"; };
		3B1E2CE87D3E46DF86EFA664 /* PersistenceController.swift */ = {isa = PBXFileReference; lastKnownFileType = sourcecode.swift; path = PersistenceController.swift; sourceTree = "<group>"; };
		C67199370635473BAB839ADF /* AppSettings.swift */ = {isa = PBXFileReference; lastKnownFileType = sourcecode.swift; path = AppSettings.swift; sourceTree = "<group>"; };
		C367A55905AB47CBBB4E4925 /* BalootMode.swift */ = {isa = PBXFileReference; lastKnownFileType = sourcecode.swift; path = BalootMode.swift; sourceTree = "<group>"; };
		43F8A5DDE9514264999D32AF /* Difficulty.swift */ = {isa = PBXFileReference; lastKnownFileType = sourcecode.swift; path = Difficulty.swift; sourceTree = "<group>"; };
		D956A552802C44EE9E7616E5 /* GameCatalogItem.swift */ = {isa = PBXFileReference; lastKnownFileType = sourcecode.swift; path = GameCatalogItem.swift; sourceTree = "<group>"; };
		F0F497C746E14D9B9D37C16E /* GameCategory.swift */ = {isa = PBXFileReference; lastKnownFileType = sourcecode.swift; path = GameCategory.swift; sourceTree = "<group>"; };
		01AE34D93AC440DDB9A6F2F0 /* GameRuleSection.swift */ = {isa = PBXFileReference; lastKnownFileType = sourcecode.swift; path = GameRuleSection.swift; sourceTree = "<group>"; };
		E0811162DCF843A7B33CF1E3 /* ScoreRound.swift */ = {isa = PBXFileReference; lastKnownFileType = sourcecode.swift; path = ScoreRound.swift; sourceTree = "<group>"; };
		D580074AC68348148D5DC26D /* ScoreSession.swift */ = {isa = PBXFileReference; lastKnownFileType = sourcecode.swift; path = ScoreSession.swift; sourceTree = "<group>"; };
		58DE3BF27BC849B48E1249E4 /* SettingsRepository.swift */ = {isa = PBXFileReference; lastKnownFileType = sourcecode.swift; path = SettingsRepository.swift; sourceTree = "<group>"; };
		774F64E2FF1449F4BFBB8528 /* CatalogFilter.swift */ = {isa = PBXFileReference; lastKnownFileType = sourcecode.swift; path = CatalogFilter.swift; sourceTree = "<group>"; };
		08D5EFA6DCEE4185BB3648B4 /* ScoreRules.swift */ = {isa = PBXFileReference; lastKnownFileType = sourcecode.swift; path = ScoreRules.swift; sourceTree = "<group>"; };
		C3A58DE91B234B9A8D2E7781 /* BalootAcademy.swift */ = {isa = PBXFileReference; lastKnownFileType = sourcecode.swift; path = BalootAcademy.swift; sourceTree = "<group>"; };
		F88C1D026EA1418FA1FEC017 /* DailyChallengeCenter.swift */ = {isa = PBXFileReference; lastKnownFileType = sourcecode.swift; path = DailyChallengeCenter.swift; sourceTree = "<group>"; };
		4B8D6F9A33124E5DB6D3A2F1 /* ScoringQuiz.swift */ = {isa = PBXFileReference; lastKnownFileType = sourcecode.swift; path = ScoringQuiz.swift; sourceTree = "<group>"; };
		7E31630790994E7BB9617012 /* BalootGamePlayView.swift */ = {isa = PBXFileReference; lastKnownFileType = sourcecode.swift; path = BalootGamePlayView.swift; sourceTree = "<group>"; };
		FAE8450C865F4F15A45940DC /* BalootGameViewModel.swift */ = {isa = PBXFileReference; lastKnownFileType = sourcecode.swift; path = BalootGameViewModel.swift; sourceTree = "<group>"; };
		4F63CE859BAE4F7DB4607E4B /* RoundReplayView.swift */ = {isa = PBXFileReference; lastKnownFileType = sourcecode.swift; path = RoundReplayView.swift; sourceTree = "<group>"; };
		45BD7ECD51144879B505C6CB /* CatalogView.swift */ = {isa = PBXFileReference; lastKnownFileType = sourcecode.swift; path = CatalogView.swift; sourceTree = "<group>"; };
		C69C0BE86F2246FB8D1A7E46 /* GameDetailsView.swift */ = {isa = PBXFileReference; lastKnownFileType = sourcecode.swift; path = GameDetailsView.swift; sourceTree = "<group>"; };
		B12F4C7E2B5849279DE053AA /* BalootAcademyView.swift */ = {isa = PBXFileReference; lastKnownFileType = sourcecode.swift; path = BalootAcademyView.swift; sourceTree = "<group>"; };
		0DB39145A21E4CA2A44D6B28 /* DailyChallengesView.swift */ = {isa = PBXFileReference; lastKnownFileType = sourcecode.swift; path = DailyChallengesView.swift; sourceTree = "<group>"; };
		D4B917E8B5C44A0CB153A9C2 /* ScoringQuizView.swift */ = {isa = PBXFileReference; lastKnownFileType = sourcecode.swift; path = ScoringQuizView.swift; sourceTree = "<group>"; };
		77B10AC6CA684350A7089C28 /* HomeView.swift */ = {isa = PBXFileReference; lastKnownFileType = sourcecode.swift; path = HomeView.swift; sourceTree = "<group>"; };
		027593F2A63A4966AC066FDE /* MatchHistoryView.swift */ = {isa = PBXFileReference; lastKnownFileType = sourcecode.swift; path = MatchHistoryView.swift; sourceTree = "<group>"; };
		C714AB19C41A4452A6408D3C /* RulesView.swift */ = {isa = PBXFileReference; lastKnownFileType = sourcecode.swift; path = RulesView.swift; sourceTree = "<group>"; };
		4B9C56455AED417BB794EFB6 /* AddEditRoundView.swift */ = {isa = PBXFileReference; lastKnownFileType = sourcecode.swift; path = AddEditRoundView.swift; sourceTree = "<group>"; };
		D0B5439E97E842DC97907201 /* NewScorekeeperSessionView.swift */ = {isa = PBXFileReference; lastKnownFileType = sourcecode.swift; path = NewScorekeeperSessionView.swift; sourceTree = "<group>"; };
		8656E5E144954110A70861C4 /* ScorekeeperHomeView.swift */ = {isa = PBXFileReference; lastKnownFileType = sourcecode.swift; path = ScorekeeperHomeView.swift; sourceTree = "<group>"; };
		F5A2203BC3A84E198EDDE66B /* ScorekeeperSessionView.swift */ = {isa = PBXFileReference; lastKnownFileType = sourcecode.swift; path = ScorekeeperSessionView.swift; sourceTree = "<group>"; };
		B65370442FE445AB8978857A /* SettingsView.swift */ = {isa = PBXFileReference; lastKnownFileType = sourcecode.swift; path = SettingsView.swift; sourceTree = "<group>"; };
		84754BC8F6B844649CF3D023 /* CatalogFilterTests.swift */ = {isa = PBXFileReference; lastKnownFileType = sourcecode.swift; path = CatalogFilterTests.swift; sourceTree = "<group>"; };
		05DA4313DC03409888B1B43F /* CatalogSeederTests.swift */ = {isa = PBXFileReference; lastKnownFileType = sourcecode.swift; path = CatalogSeederTests.swift; sourceTree = "<group>"; };
		A1C0DE01B2F44A1E9C0D1E2F /* CatalogIntegrityTests.swift */ = {isa = PBXFileReference; lastKnownFileType = sourcecode.swift; path = CatalogIntegrityTests.swift; sourceTree = "<group>"; };
		C3E2F013D4B66C30BE2F3041 /* GamePlaythroughTests.swift */ = {isa = PBXFileReference; lastKnownFileType = sourcecode.swift; path = GamePlaythroughTests.swift; sourceTree = "<group>"; };
		821BF8DC70D1422390424FDB /* BalootAcademyTests.swift */ = {isa = PBXFileReference; lastKnownFileType = sourcecode.swift; path = BalootAcademyTests.swift; sourceTree = "<group>"; };
		166DFA625C7D4E779784254C /* DailyChallengeCenterTests.swift */ = {isa = PBXFileReference; lastKnownFileType = sourcecode.swift; path = DailyChallengeCenterTests.swift; sourceTree = "<group>"; };
		0A7C2D6F5E9A4B6D9C3E1F82 /* ScoringQuizTests.swift */ = {isa = PBXFileReference; lastKnownFileType = sourcecode.swift; path = ScoringQuizTests.swift; sourceTree = "<group>"; };
		EE9E72237F624BCFAA8EE59D /* ScoreRulesTests.swift */ = {isa = PBXFileReference; lastKnownFileType = sourcecode.swift; path = ScoreRulesTests.swift; sourceTree = "<group>"; };
		09DAF1F1F27B4D3FB87ACC84 /* ScoreSessionTests.swift */ = {isa = PBXFileReference; lastKnownFileType = sourcecode.swift; path = ScoreSessionTests.swift; sourceTree = "<group>"; };
		20E0FBBD7CE549F2A3856DB6 /* Assets.xcassets */ = {isa = PBXFileReference; lastKnownFileType = folder.assetcatalog; path = Assets.xcassets; sourceTree = "<group>"; };
		E32D73CAC888412DAEE3DF83 /* Localizable.xcstrings */ = {isa = PBXFileReference; lastKnownFileType = text.json.xcstrings; path = Localizable.xcstrings; sourceTree = "<group>"; };
		00DEA2A186EE491180E5F977 /* BalootHub.app */ = {isa = PBXFileReference; explicitFileType = wrapper.application; includeInIndex = 0; path = BalootHub.app; sourceTree = BUILT_PRODUCTS_DIR; };
		45F37EE22BE547E6818E907D /* BalootHubTests.xctest */ = {isa = PBXFileReference; explicitFileType = wrapper.cfbundle; includeInIndex = 0; path = BalootHubTests.xctest; sourceTree = BUILT_PRODUCTS_DIR; };
		5C5274FC0EE24B55B81A0DB6 /* String+Localized.swift */ = {isa = PBXFileReference; lastKnownFileType = sourcecode.swift; path = "String+Localized.swift"; sourceTree = "<group>"; };
		4758A99A56664E9C962452F2 /* PurchaseManager.swift */ = {isa = PBXFileReference; lastKnownFileType = sourcecode.swift; path = PurchaseManager.swift; sourceTree = "<group>"; };
		B70BBCF20A74430985D4CF5E /* PaywallView.swift */ = {isa = PBXFileReference; lastKnownFileType = sourcecode.swift; path = PaywallView.swift; sourceTree = "<group>"; };
/* End PBXFileReference section */

/* Begin PBXFrameworksBuildPhase section */
		5B5A2A4A9B0F4D6DA108BF98 /* Frameworks */ = {
			isa = PBXFrameworksBuildPhase;
			buildActionMask = 2147483647;
			files = (
				F70F14C4E298417F9B5BF315 /* BalootEngine in Frameworks */,
			);
			runOnlyForDeploymentPostprocessing = 0;
		};
		6A3D2BFCA26F4F4CB8BD5E65 /* Frameworks */ = {
			isa = PBXFrameworksBuildPhase;
			buildActionMask = 2147483647;
			files = (
			);
			runOnlyForDeploymentPostprocessing = 0;
		};
/* End PBXFrameworksBuildPhase section */

/* Begin PBXGroup section */
		90E3EACA277A409DABA0EA4C /* Resources */ = {
			isa = PBXGroup;
			children = (
				20E0FBBD7CE549F2A3856DB6 /* Assets.xcassets */,
				E32D73CAC888412DAEE3DF83 /* Localizable.xcstrings */,
			);
			path = Resources;
			sourceTree = "<group>";
		};
		F49ED88346204DC8B2A23D66 /* App */ = {
			isa = PBXGroup;
			children = (
				2EBD530C3E0F4E029B78C128 /* AppEnvironment.swift */,
				0E2F62849EC7457492219078 /* AppRouter.swift */,
				D10E2C56EFED4109AA317BF3 /* BalootHubApp.swift */,
				41EF024C529F4D39B261D9D9 /* RootTabView.swift */,
			);
			path = App;
			sourceTree = "<group>";
		};
		DFF9C186BE68436C98B58E07 /* Components */ = {
			isa = PBXGroup;
			children = (
				B86D021D851B4EE2B3C92D16 /* GameCardView.swift */,
				163CDD8053E844BDAF883655 /* StateViews.swift */,
				E26F1901589540B5AF735A37 /* StatusBadge.swift */,
			);
			path = Components;
			sourceTree = "<group>";
		};
		CF9F773079864F468AFEE357 /* DesignSystem */ = {
			isa = PBXGroup;
			children = (
				DFF9C186BE68436C98B58E07 /* Components */,
				C6A859FD332A4FD6AB73A004 /* AppAnimation.swift */,
				F5D71A9DE92544918B40B712 /* AppColor.swift */,
				CD327F6E506640BCBCF86B90 /* AppRadius.swift */,
				848EDA40DF184CF781C61A94 /* AppShadow.swift */,
				8FEAB8A9EE094A00B96258EF /* AppSpacing.swift */,
				74199DC881014B42882FE6C3 /* AppTypography.swift */,
			);
			path = DesignSystem;
			sourceTree = "<group>";
		};
		17BFA5B210294E90949B6B40 /* Persistence */ = {
			isa = PBXGroup;
			children = (
				6718157CEF0C425C80159533 /* CatalogSeeder.swift */,
				3B1E2CE87D3E46DF86EFA664 /* PersistenceController.swift */,
			);
			path = Persistence;
			sourceTree = "<group>";
		};
		1BCE7A97FDC44AAB9E2687FA /* Core */ = {
			isa = PBXGroup;
			children = (
				CF9F773079864F468AFEE357 /* DesignSystem */,
				C67E98A5D04A4AB9AE11C842 /* Localization */,
				17BFA5B210294E90949B6B40 /* Persistence */,
			);
			path = Core;
			sourceTree = "<group>";
		};
		74C80C62ED0E49319FDEA921 /* Models */ = {
			isa = PBXGroup;
			children = (
				C67199370635473BAB839ADF /* AppSettings.swift */,
				C367A55905AB47CBBB4E4925 /* BalootMode.swift */,
				43F8A5DDE9514264999D32AF /* Difficulty.swift */,
				D956A552802C44EE9E7616E5 /* GameCatalogItem.swift */,
				F0F497C746E14D9B9D37C16E /* GameCategory.swift */,
				01AE34D93AC440DDB9A6F2F0 /* GameRuleSection.swift */,
				E0811162DCF843A7B33CF1E3 /* ScoreRound.swift */,
				D580074AC68348148D5DC26D /* ScoreSession.swift */,
			);
			path = Models;
			sourceTree = "<group>";
		};
		2DD7ED1F6FFD413994581301 /* Repositories */ = {
			isa = PBXGroup;
			children = (
				58DE3BF27BC849B48E1249E4 /* SettingsRepository.swift */,
			);
			path = Repositories;
			sourceTree = "<group>";
		};
		21659FC79A38472FB59DD003 /* Services */ = {
			isa = PBXGroup;
			children = (
				774F64E2FF1449F4BFBB8528 /* CatalogFilter.swift */,
				4758A99A56664E9C962452F2 /* PurchaseManager.swift */,
				C3A58DE91B234B9A8D2E7781 /* BalootAcademy.swift */,
				F88C1D026EA1418FA1FEC017 /* DailyChallengeCenter.swift */,
				08D5EFA6DCEE4185BB3648B4 /* ScoreRules.swift */,
				4B8D6F9A33124E5DB6D3A2F1 /* ScoringQuiz.swift */,
			);
			path = Services;
			sourceTree = "<group>";
		};
		FED908994DC2411AAE804BF8 /* Domain */ = {
			isa = PBXGroup;
			children = (
				74C80C62ED0E49319FDEA921 /* Models */,
				2DD7ED1F6FFD413994581301 /* Repositories */,
				21659FC79A38472FB59DD003 /* Services */,
			);
			path = Domain;
			sourceTree = "<group>";
		};
		85C0F47D86F843D1A511F23A /* BalootGame */ = {
			isa = PBXGroup;
			children = (
				7E31630790994E7BB9617012 /* BalootGamePlayView.swift */,
				FAE8450C865F4F15A45940DC /* BalootGameViewModel.swift */,
				4F63CE859BAE4F7DB4607E4B /* RoundReplayView.swift */,
			);
			path = BalootGame;
			sourceTree = "<group>";
		};
		E8BF5CA60D0748ED8BF37CE0 /* Catalog */ = {
			isa = PBXGroup;
			children = (
				45BD7ECD51144879B505C6CB /* CatalogView.swift */,
			);
			path = Catalog;
			sourceTree = "<group>";
		};
		C5BE0BF177F0434FBCCEFF0B /* GameDetails */ = {
			isa = PBXGroup;
			children = (
				C69C0BE86F2246FB8D1A7E46 /* GameDetailsView.swift */,
				B12F4C7E2B5849279DE053AA /* BalootAcademyView.swift */,
				0DB39145A21E4CA2A44D6B28 /* DailyChallengesView.swift */,
				D4B917E8B5C44A0CB153A9C2 /* ScoringQuizView.swift */,
			);
			path = GameDetails;
			sourceTree = "<group>";
		};
		9AA065D1ED164A03A556B4E3 /* Home */ = {
			isa = PBXGroup;
			children = (
				77B10AC6CA684350A7089C28 /* HomeView.swift */,
			);
			path = Home;
			sourceTree = "<group>";
		};
		52543DB1842A43988BCFA2A5 /* MatchHistory */ = {
			isa = PBXGroup;
			children = (
				027593F2A63A4966AC066FDE /* MatchHistoryView.swift */,
			);
			path = MatchHistory;
			sourceTree = "<group>";
		};
		FE6DF1A40BF14397892588AB /* Rules */ = {
			isa = PBXGroup;
			children = (
				C714AB19C41A4452A6408D3C /* RulesView.swift */,
			);
			path = Rules;
			sourceTree = "<group>";
		};
		173708000B104C4D978011F3 /* Scorekeeper */ = {
			isa = PBXGroup;
			children = (
				4B9C56455AED417BB794EFB6 /* AddEditRoundView.swift */,
				D0B5439E97E842DC97907201 /* NewScorekeeperSessionView.swift */,
				8656E5E144954110A70861C4 /* ScorekeeperHomeView.swift */,
				F5A2203BC3A84E198EDDE66B /* ScorekeeperSessionView.swift */,
			);
			path = Scorekeeper;
			sourceTree = "<group>";
		};
		423ADE61FD1E4589B2F5B22E /* Settings */ = {
			isa = PBXGroup;
			children = (
				B65370442FE445AB8978857A /* SettingsView.swift */,
			);
			path = Settings;
			sourceTree = "<group>";
		};
		2AA28A5DE0714FE4A52FFE5F /* Features */ = {
			isa = PBXGroup;
			children = (
				85C0F47D86F843D1A511F23A /* BalootGame */,
				E8BF5CA60D0748ED8BF37CE0 /* Catalog */,
				C5BE0BF177F0434FBCCEFF0B /* GameDetails */,
				9AA065D1ED164A03A556B4E3 /* Home */,
				52543DB1842A43988BCFA2A5 /* MatchHistory */,
				FE6DF1A40BF14397892588AB /* Rules */,
				173708000B104C4D978011F3 /* Scorekeeper */,
				423ADE61FD1E4589B2F5B22E /* Settings */,
				97018DFF13F94EE38E91F034 /* Purchase */,
			);
			path = Features;
			sourceTree = "<group>";
		};
		E54A0B67593145AFA8C2177B /* BalootHub */ = {
			isa = PBXGroup;
			children = (
				F49ED88346204DC8B2A23D66 /* App */,
				1BCE7A97FDC44AAB9E2687FA /* Core */,
				FED908994DC2411AAE804BF8 /* Domain */,
				2AA28A5DE0714FE4A52FFE5F /* Features */,
				90E3EACA277A409DABA0EA4C /* Resources */,
			);
			path = BalootHub;
			sourceTree = "<group>";
		};
		5F4072C18FD744E4A0DBA308 /* BalootHubTests */ = {
			isa = PBXGroup;
			children = (
				84754BC8F6B844649CF3D023 /* CatalogFilterTests.swift */,
				05DA4313DC03409888B1B43F /* CatalogSeederTests.swift */,
				A1C0DE01B2F44A1E9C0D1E2F /* CatalogIntegrityTests.swift */,
				C3E2F013D4B66C30BE2F3041 /* GamePlaythroughTests.swift */,
				821BF8DC70D1422390424FDB /* BalootAcademyTests.swift */,
				166DFA625C7D4E779784254C /* DailyChallengeCenterTests.swift */,
				0A7C2D6F5E9A4B6D9C3E1F82 /* ScoringQuizTests.swift */,
				EE9E72237F624BCFAA8EE59D /* ScoreRulesTests.swift */,
				09DAF1F1F27B4D3FB87ACC84 /* ScoreSessionTests.swift */,
			);
			path = BalootHubTests;
			sourceTree = "<group>";
		};
		20B05460A917465D8A742E3A /* Products */ = {
			isa = PBXGroup;
			children = (
				00DEA2A186EE491180E5F977 /* BalootHub.app */,
				45F37EE22BE547E6818E907D /* BalootHubTests.xctest */,
			);
			name = Products;
			sourceTree = "<group>";
		};
		9025DC4A1A8E4BD4A9EA53A5 = {
			isa = PBXGroup;
			children = (
				E54A0B67593145AFA8C2177B /* BalootHub */,
				5F4072C18FD744E4A0DBA308 /* BalootHubTests */,
				20B05460A917465D8A742E3A /* Products */,
			);
			sourceTree = "<group>";
		};
		C67E98A5D04A4AB9AE11C842 /* Localization */ = {
			isa = PBXGroup;
			children = (
				5C5274FC0EE24B55B81A0DB6 /* String+Localized.swift */,
			);
			path = Localization;
			sourceTree = "<group>";
		};
		97018DFF13F94EE38E91F034 /* Purchase */ = {
			isa = PBXGroup;
			children = (
				B70BBCF20A74430985D4CF5E /* PaywallView.swift */,
			);
			path = Purchase;
			sourceTree = "<group>";
		};
/* End PBXGroup section */

/* Begin PBXNativeTarget section */
		DFF2DCB47501414CA81ADA93 /* BalootHub */ = {
			isa = PBXNativeTarget;
			buildConfigurationList = ED4F2A14216E401583AED4FD /* Build configuration list for PBXNativeTarget "BalootHub" */;
			buildPhases = (
				D9E90179924647168B2578D8 /* Sources */,
				5B5A2A4A9B0F4D6DA108BF98 /* Frameworks */,
				C50DD5F75922493C9786C2C8 /* Resources */,
			);
			buildRules = (
			);
			dependencies = (
			);
			name = BalootHub;
			packageProductDependencies = (
				4590EC0E0CDB435687D96BE3 /* BalootEngine */,
			);
			productName = BalootHub;
			productReference = 00DEA2A186EE491180E5F977 /* BalootHub.app */;
			productType = "com.apple.product-type.application";
		};
		C642CC62A3EB4498BB51E664 /* BalootHubTests */ = {
			isa = PBXNativeTarget;
			buildConfigurationList = 352BF0E32A494CAA8F15E58D /* Build configuration list for PBXNativeTarget "BalootHubTests" */;
			buildPhases = (
				EBF5C41ECC1F48C59A0AD602 /* Sources */,
				6A3D2BFCA26F4F4CB8BD5E65 /* Frameworks */,
				8DE46F2A07D34C778AA7F4F7 /* Resources */,
			);
			buildRules = (
			);
			dependencies = (
				E6FD55FB8A0249ECB2B30F8C /* PBXTargetDependency */,
			);
			name = BalootHubTests;
			productName = BalootHubTests;
			productReference = 45F37EE22BE547E6818E907D /* BalootHubTests.xctest */;
			productType = "com.apple.product-type.bundle.unit-test";
		};
/* End PBXNativeTarget section */

/* Begin PBXProject section */
		450200F0F1554C079B862A5E /* Project object */ = {
			isa = PBXProject;
			attributes = {
				BuildIndependentTargetsInParallel = 1;
				LastSwiftUpdateCheck = 1620;
				LastUpgradeCheck = 1620;
				TargetAttributes = {
					DFF2DCB47501414CA81ADA93 = {
						CreatedOnToolsVersion = 16.2;
					};
					C642CC62A3EB4498BB51E664 = {
						CreatedOnToolsVersion = 16.2;
						TestTargetID = DFF2DCB47501414CA81ADA93;
					};
				};
			};
			buildConfigurationList = 69BB46074FEA49D68D2559B2 /* Build configuration list for PBXProject "BalootHub" */;
			compatibilityVersion = "Xcode 14.0";
			developmentRegion = ar;
			hasScannedForEncodings = 0;
			knownRegions = (
				ar,
				en,
				de,
				es,
				fr,
				hi,
				id,
				ru,
				tr,
				ur,
				"zh-Hans",
				Base,
			);
			mainGroup = 9025DC4A1A8E4BD4A9EA53A5;
			packageReferences = (
				A699A8C497FD494884E3B728 /* XCLocalSwiftPackageReference "Packages/BalootEngine" */,
			);
			productRefGroup = 20B05460A917465D8A742E3A /* Products */;
			projectDirPath = "";
			projectRoot = "";
			targets = (
				DFF2DCB47501414CA81ADA93 /* BalootHub */,
				C642CC62A3EB4498BB51E664 /* BalootHubTests */,
			);
		};
/* End PBXProject section */

/* Begin PBXResourcesBuildPhase section */
		C50DD5F75922493C9786C2C8 /* Resources */ = {
			isa = PBXResourcesBuildPhase;
			buildActionMask = 2147483647;
			files = (
				48D369A5FB1E459C8B133283 /* Assets.xcassets in Resources */,
				166C8047BAEC44568A030D73 /* Localizable.xcstrings in Resources */,
			);
			runOnlyForDeploymentPostprocessing = 0;
		};
		8DE46F2A07D34C778AA7F4F7 /* Resources */ = {
			isa = PBXResourcesBuildPhase;
			buildActionMask = 2147483647;
			files = (
			);
			runOnlyForDeploymentPostprocessing = 0;
		};
/* End PBXResourcesBuildPhase section */

/* Begin PBXSourcesBuildPhase section */
		D9E90179924647168B2578D8 /* Sources */ = {
			isa = PBXSourcesBuildPhase;
			buildActionMask = 2147483647;
			files = (
				B9C349B1B96A4C3D975581BB /* AppEnvironment.swift in Sources */,
				A1E170971A1A4EF58D95E021 /* AppRouter.swift in Sources */,
				1B6146E89E15460695DA7A4D /* BalootHubApp.swift in Sources */,
				529EF7EDF1804FBC82FED2EC /* RootTabView.swift in Sources */,
				003F12B7AF1147CFA775C624 /* AppAnimation.swift in Sources */,
				8030A3C195BA457F83922533 /* AppColor.swift in Sources */,
				230B93AF93A34D21B23D548F /* AppRadius.swift in Sources */,
				61F13B5488C84DEAA09C1DF3 /* AppShadow.swift in Sources */,
				F6E8C7E46DD04AEE950922F9 /* AppSpacing.swift in Sources */,
				9CAD4557F7D248428C5F6CE5 /* AppTypography.swift in Sources */,
				C5A02FB8298A4DF0912E0443 /* GameCardView.swift in Sources */,
				A8E260B43544459ABE1F93B2 /* StateViews.swift in Sources */,
				46A8F05EEA264D8A8F12D237 /* StatusBadge.swift in Sources */,
				87E85EA61E3A471398660D41 /* CatalogSeeder.swift in Sources */,
				868558CE2FB24148BD301586 /* PersistenceController.swift in Sources */,
				B2FDC436A6F9488FA8919271 /* AppSettings.swift in Sources */,
				A4099A196D03489E9DF3623D /* BalootMode.swift in Sources */,
				39D4EE2E35DE4766933134A7 /* Difficulty.swift in Sources */,
				CE8A47FB5A074082B288D0DD /* GameCatalogItem.swift in Sources */,
				1C4D6563A41D4FDCA8234768 /* GameCategory.swift in Sources */,
				979E68290B6B4463975F8D21 /* GameRuleSection.swift in Sources */,
				3619A8C48E9B496CA0D77398 /* ScoreRound.swift in Sources */,
				5F6247EDBCD44AB7BCDDE0FB /* ScoreSession.swift in Sources */,
				41C5D46DD8114F4EA837279D /* SettingsRepository.swift in Sources */,
				10F7E300CEB243B0A5B5531F /* CatalogFilter.swift in Sources */,
				DDA37C25EA9445F6A7AF6F6F /* ScoreRules.swift in Sources */,
				77D2F8E6A63B4F0E94D2A15C /* BalootAcademy.swift in Sources */,
				5F0C8B4A7D6E4B3EB15C229A /* DailyChallengeCenter.swift in Sources */,
				A2D4F9C77B8E4B7D9B2F6A31 /* ScoringQuiz.swift in Sources */,
				32ACBC56B3044B9EBB30C480 /* BalootGamePlayView.swift in Sources */,
				BF35E3077EDB42F186FE72CB /* BalootGameViewModel.swift in Sources */,
				9B68F276832B4D0191D79F10 /* RoundReplayView.swift in Sources */,
				5C3207CE093746BEA8914BDB /* CatalogView.swift in Sources */,
				11DB90A3C4F54107B6920FA9 /* GameDetailsView.swift in Sources */,
				2F5DAB8C1A664481B5A2F9E0 /* BalootAcademyView.swift in Sources */,
				C768421D8F15445490E32AB4 /* DailyChallengesView.swift in Sources */,
				8A3E5D6C9F224CCB8D1076FA /* ScoringQuizView.swift in Sources */,
				0283C1815C604A66995536D0 /* HomeView.swift in Sources */,
				0BAEE16832A14DD0AC8A0111 /* MatchHistoryView.swift in Sources */,
				18B4663CAF194B098B610909 /* RulesView.swift in Sources */,
				175C0313307E4C228B8FB145 /* AddEditRoundView.swift in Sources */,
				E75250A5742A411CA9B4A8BF /* NewScorekeeperSessionView.swift in Sources */,
				F8CA1C8C0E77448C886FF98F /* ScorekeeperHomeView.swift in Sources */,
				D9F9DDE126A54A5C809A7C50 /* ScorekeeperSessionView.swift in Sources */,
				79BA9746DCA54A48B4846ED5 /* SettingsView.swift in Sources */,
				F2BAAC0D94FF47CA855544E0 /* String+Localized.swift in Sources */,
				65A1AE5C58E64E6C83790D91 /* PurchaseManager.swift in Sources */,
				92078686623F498BBE8CF9D2 /* PaywallView.swift in Sources */,
			);
			runOnlyForDeploymentPostprocessing = 0;
		};
		EBF5C41ECC1F48C59A0AD602 /* Sources */ = {
			isa = PBXSourcesBuildPhase;
			buildActionMask = 2147483647;
			files = (
				823142081B934ADB98E8C970 /* CatalogFilterTests.swift in Sources */,
				0F25653820F7429F931B4AF2 /* CatalogSeederTests.swift in Sources */,
				B2D1EF02C3A55B2FAD1E2F30 /* CatalogIntegrityTests.swift in Sources */,
				D4F30124E5C77D41CF304152 /* GamePlaythroughTests.swift in Sources */,
				31B5FD970C5946BFA8589248 /* BalootAcademyTests.swift in Sources */,
				E2929817FB37462286040967 /* DailyChallengeCenterTests.swift in Sources */,
				6B91A47E26184C3FA73A0E58 /* ScoringQuizTests.swift in Sources */,
				1534A5689A6145759E26A22A /* ScoreRulesTests.swift in Sources */,
				F5E7838995964BF181779782 /* ScoreSessionTests.swift in Sources */,
			);
			runOnlyForDeploymentPostprocessing = 0;
		};
/* End PBXSourcesBuildPhase section */

/* Begin PBXTargetDependency section */
		E6FD55FB8A0249ECB2B30F8C /* PBXTargetDependency */ = {
			isa = PBXTargetDependency;
			target = DFF2DCB47501414CA81ADA93 /* BalootHub */;
			targetProxy = 145C6541279D4BF4A080183A /* PBXContainerItemProxy */;
		};
/* End PBXTargetDependency section */

/* Begin XCBuildConfiguration section */
		0B94CE9C1C5C48F2B49C5A6E /* Debug */ = {
			isa = XCBuildConfiguration;
			buildSettings = {
				ALWAYS_SEARCH_USER_PATHS = NO;
				ASSETCATALOG_COMPILER_GENERATE_SWIFT_ASSET_SYMBOL_EXTENSIONS = YES;
				CLANG_ANALYZER_NONNULL = YES;
				CLANG_ANALYZER_NUMBER_OBJECT_CONVERSION = YES_AGGRESSIVE;
				CLANG_CXX_LANGUAGE_STANDARD = "gnu++20";
				CLANG_ENABLE_MODULES = YES;
				CLANG_ENABLE_OBJC_ARC = YES;
				CLANG_ENABLE_OBJC_WEAK = YES;
				CLANG_WARN_BLOCK_CAPTURE_AUTORELEASING = YES;
				CLANG_WARN_BOOL_CONVERSION = YES;
				CLANG_WARN_COMMA = YES;
				CLANG_WARN_CONSTANT_CONVERSION = YES;
				CLANG_WARN_DEPRECATED_OBJC_IMPLEMENTATIONS = YES;
				CLANG_WARN_DIRECT_OBJC_ISA_USAGE = YES_ERROR;
				CLANG_WARN_DOCUMENTATION_COMMENTS = YES;
				CLANG_WARN_EMPTY_BODY = YES;
				CLANG_WARN_ENUM_CONVERSION = YES;
				CLANG_WARN_INFINITE_RECURSION = YES;
				CLANG_WARN_INT_CONVERSION = YES;
				CLANG_WARN_NON_LITERAL_NULL_CONVERSION = YES;
				CLANG_WARN_OBJC_IMPLICIT_RETAIN_SELF = YES;
				CLANG_WARN_OBJC_LITERAL_CONVERSION = YES;
				CLANG_WARN_OBJC_ROOT_CLASS = YES_ERROR;
				CLANG_WARN_QUOTED_INCLUDE_IN_FRAMEWORK_HEADER = YES;
				CLANG_WARN_RANGE_LOOP_ANALYSIS = YES;
				CLANG_WARN_STRICT_PROTOTYPES = YES;
				CLANG_WARN_SUSPICIOUS_MOVE = YES;
				CLANG_WARN_UNGUARDED_AVAILABILITY = YES_AGGRESSIVE;
				CLANG_WARN_UNREACHABLE_CODE = YES;
				CLANG_WARN__DUPLICATE_METHOD_MATCH = YES;
				COPY_PHASE_STRIP = NO;
				DEBUG_INFORMATION_FORMAT = dwarf;
				ENABLE_STRICT_OBJC_MSGSEND = YES;
				ENABLE_TESTABILITY = YES;
				ENABLE_USER_SCRIPT_SANDBOXING = YES;
				GCC_C_LANGUAGE_STANDARD = gnu17;
				GCC_DYNAMIC_NO_PIC = NO;
				GCC_NO_COMMON_BLOCKS = YES;
				GCC_OPTIMIZATION_LEVEL = 0;
				GCC_PREPROCESSOR_DEFINITIONS = (
					"DEBUG=1",
					"$(inherited)",
				);
				GCC_WARN_64_TO_32_BIT_CONVERSION = YES;
				GCC_WARN_ABOUT_RETURN_TYPE = YES_ERROR;
				GCC_WARN_UNDECLARED_SELECTOR = YES;
				GCC_WARN_UNINITIALIZED_AUTOS = YES_AGGRESSIVE;
				GCC_WARN_UNUSED_FUNCTION = YES;
				GCC_WARN_UNUSED_VARIABLE = YES;
				IPHONEOS_DEPLOYMENT_TARGET = 17.0;
				LOCALIZATION_PREFERS_STRING_CATALOGS = YES;
				MTL_ENABLE_DEBUG_INFO = INCLUDE_SOURCE;
				MTL_FAST_MATH = YES;
				ONLY_ACTIVE_ARCH = YES;
				SDKROOT = iphoneos;
				SWIFT_ACTIVE_COMPILATION_CONDITIONS = "DEBUG $(inherited)";
				SWIFT_OPTIMIZATION_LEVEL = "-Onone";
			};
			name = Debug;
		};
		F3C557BED59D461F971F71A5 /* Release */ = {
			isa = XCBuildConfiguration;
			buildSettings = {
				ALWAYS_SEARCH_USER_PATHS = NO;
				ASSETCATALOG_COMPILER_GENERATE_SWIFT_ASSET_SYMBOL_EXTENSIONS = YES;
				CLANG_ANALYZER_NONNULL = YES;
				CLANG_ANALYZER_NUMBER_OBJECT_CONVERSION = YES_AGGRESSIVE;
				CLANG_CXX_LANGUAGE_STANDARD = "gnu++20";
				CLANG_ENABLE_MODULES = YES;
				CLANG_ENABLE_OBJC_ARC = YES;
				CLANG_ENABLE_OBJC_WEAK = YES;
				CLANG_WARN_BLOCK_CAPTURE_AUTORELEASING = YES;
				CLANG_WARN_BOOL_CONVERSION = YES;
				CLANG_WARN_COMMA = YES;
				CLANG_WARN_CONSTANT_CONVERSION = YES;
				CLANG_WARN_DEPRECATED_OBJC_IMPLEMENTATIONS = YES;
				CLANG_WARN_DIRECT_OBJC_ISA_USAGE = YES_ERROR;
				CLANG_WARN_DOCUMENTATION_COMMENTS = YES;
				CLANG_WARN_EMPTY_BODY = YES;
				CLANG_WARN_ENUM_CONVERSION = YES;
				CLANG_WARN_INFINITE_RECURSION = YES;
				CLANG_WARN_INT_CONVERSION = YES;
				CLANG_WARN_NON_LITERAL_NULL_CONVERSION = YES;
				CLANG_WARN_OBJC_IMPLICIT_RETAIN_SELF = YES;
				CLANG_WARN_OBJC_LITERAL_CONVERSION = YES;
				CLANG_WARN_OBJC_ROOT_CLASS = YES_ERROR;
				CLANG_WARN_QUOTED_INCLUDE_IN_FRAMEWORK_HEADER = YES;
				CLANG_WARN_RANGE_LOOP_ANALYSIS = YES;
				CLANG_WARN_STRICT_PROTOTYPES = YES;
				CLANG_WARN_SUSPICIOUS_MOVE = YES;
				CLANG_WARN_UNGUARDED_AVAILABILITY = YES_AGGRESSIVE;
				CLANG_WARN_UNREACHABLE_CODE = YES;
				CLANG_WARN__DUPLICATE_METHOD_MATCH = YES;
				COPY_PHASE_STRIP = NO;
				DEBUG_INFORMATION_FORMAT = "dwarf-with-dsym";
				ENABLE_NS_ASSERTIONS = NO;
				ENABLE_STRICT_OBJC_MSGSEND = YES;
				ENABLE_USER_SCRIPT_SANDBOXING = YES;
				GCC_C_LANGUAGE_STANDARD = gnu17;
				GCC_NO_COMMON_BLOCKS = YES;
				GCC_WARN_64_TO_32_BIT_CONVERSION = YES;
				GCC_WARN_ABOUT_RETURN_TYPE = YES_ERROR;
				GCC_WARN_UNDECLARED_SELECTOR = YES;
				GCC_WARN_UNINITIALIZED_AUTOS = YES_AGGRESSIVE;
				GCC_WARN_UNUSED_FUNCTION = YES;
				GCC_WARN_UNUSED_VARIABLE = YES;
				IPHONEOS_DEPLOYMENT_TARGET = 17.0;
				LOCALIZATION_PREFERS_STRING_CATALOGS = YES;
				MTL_ENABLE_DEBUG_INFO = NO;
				MTL_FAST_MATH = YES;
				SDKROOT = iphoneos;
				SWIFT_COMPILATION_MODE = wholemodule;
				VALIDATE_PRODUCT = YES;
			};
			name = Release;
		};
		FF09D58F41F6440CBA5AA111 /* Debug */ = {
			isa = XCBuildConfiguration;
			buildSettings = {
				ASSETCATALOG_COMPILER_APPICON_NAME = AppIcon;
				ASSETCATALOG_COMPILER_GLOBAL_ACCENT_COLOR_NAME = AccentColor;
				CODE_SIGN_STYLE = Automatic;
				CURRENT_PROJECT_VERSION = 16;
				DEVELOPMENT_ASSET_PATHS = "BalootHub/PreviewContent";
				DEVELOPMENT_TEAM = 4HM66AD594;
				ENABLE_PREVIEWS = YES;
				GENERATE_INFOPLIST_FILE = YES;
				INFOPLIST_KEY_CFBundleDisplayName = "البلوت";
				INFOPLIST_KEY_ITSAppUsesNonExemptEncryption = NO;
				INFOPLIST_KEY_LSApplicationCategoryType = "public.app-category.card-games";
				INFOPLIST_KEY_UIApplicationSceneManifest_Generation = YES;
				INFOPLIST_KEY_UIApplicationSupportsIndirectInputEvents = YES;
				INFOPLIST_KEY_UILaunchScreen_Generation = YES;
				INFOPLIST_KEY_UIRequiresFullScreen = YES;
				INFOPLIST_KEY_UIStatusBarStyle = UIStatusBarStyleDefault;
				INFOPLIST_KEY_UISupportedInterfaceOrientations = UIInterfaceOrientationPortrait;
				LD_RUNPATH_SEARCH_PATHS = (
					"$(inherited)",
					"@executable_path/Frameworks",
				);
				MARKETING_VERSION = 1.0;
				PRODUCT_BUNDLE_IDENTIFIER = "app.balooThub.ios";
				PRODUCT_NAME = "$(TARGET_NAME)";
				SWIFT_EMIT_LOC_STRINGS = YES;
				SWIFT_VERSION = 5.0;
				TARGETED_DEVICE_FAMILY = 1;
			};
			name = Debug;
		};
		11B0454EA9444943B2A4762D /* Release */ = {
			isa = XCBuildConfiguration;
			buildSettings = {
				ASSETCATALOG_COMPILER_APPICON_NAME = AppIcon;
				ASSETCATALOG_COMPILER_GLOBAL_ACCENT_COLOR_NAME = AccentColor;
				CODE_SIGN_STYLE = Automatic;
				CURRENT_PROJECT_VERSION = 16;
				DEVELOPMENT_ASSET_PATHS = "BalootHub/PreviewContent";
				DEVELOPMENT_TEAM = 4HM66AD594;
				ENABLE_PREVIEWS = YES;
				GENERATE_INFOPLIST_FILE = YES;
				INFOPLIST_KEY_CFBundleDisplayName = "البلوت";
				INFOPLIST_KEY_ITSAppUsesNonExemptEncryption = NO;
				INFOPLIST_KEY_LSApplicationCategoryType = "public.app-category.card-games";
				INFOPLIST_KEY_UIApplicationSceneManifest_Generation = YES;
				INFOPLIST_KEY_UIApplicationSupportsIndirectInputEvents = YES;
				INFOPLIST_KEY_UILaunchScreen_Generation = YES;
				INFOPLIST_KEY_UIRequiresFullScreen = YES;
				INFOPLIST_KEY_UIStatusBarStyle = UIStatusBarStyleDefault;
				INFOPLIST_KEY_UISupportedInterfaceOrientations = UIInterfaceOrientationPortrait;
				LD_RUNPATH_SEARCH_PATHS = (
					"$(inherited)",
					"@executable_path/Frameworks",
				);
				MARKETING_VERSION = 1.0;
				PRODUCT_BUNDLE_IDENTIFIER = "app.balooThub.ios";
				PRODUCT_NAME = "$(TARGET_NAME)";
				SWIFT_EMIT_LOC_STRINGS = YES;
				SWIFT_VERSION = 5.0;
				TARGETED_DEVICE_FAMILY = 1;
			};
			name = Release;
		};
		E56A6D744F134C26BA697A85 /* Debug */ = {
			isa = XCBuildConfiguration;
			buildSettings = {
				BUNDLE_LOADER = "$(TEST_HOST)";
				CODE_SIGN_STYLE = Automatic;
				CURRENT_PROJECT_VERSION = 16;
				DEVELOPMENT_TEAM = 4HM66AD594;
				GENERATE_INFOPLIST_FILE = YES;
				MARKETING_VERSION = 1.0;
				PRODUCT_BUNDLE_IDENTIFIER = "app.balooThub.ios.tests";
				PRODUCT_NAME = "$(TARGET_NAME)";
				SWIFT_EMIT_LOC_STRINGS = NO;
				SWIFT_VERSION = 5.0;
				TARGETED_DEVICE_FAMILY = 1;
				TEST_HOST = "$(BUILT_PRODUCTS_DIR)/BalootHub.app/BalootHub";
			};
			name = Debug;
		};
		CBCA91BB43F54C1EB726FA5C /* Release */ = {
			isa = XCBuildConfiguration;
			buildSettings = {
				BUNDLE_LOADER = "$(TEST_HOST)";
				CODE_SIGN_STYLE = Automatic;
				CURRENT_PROJECT_VERSION = 16;
				DEVELOPMENT_TEAM = 4HM66AD594;
				GENERATE_INFOPLIST_FILE = YES;
				MARKETING_VERSION = 1.0;
				PRODUCT_BUNDLE_IDENTIFIER = "app.balooThub.ios.tests";
				PRODUCT_NAME = "$(TARGET_NAME)";
				SWIFT_EMIT_LOC_STRINGS = NO;
				SWIFT_VERSION = 5.0;
				TARGETED_DEVICE_FAMILY = 1;
				TEST_HOST = "$(BUILT_PRODUCTS_DIR)/BalootHub.app/BalootHub";
			};
			name = Release;
		};
/* End XCBuildConfiguration section */

/* Begin XCConfigurationList section */
		69BB46074FEA49D68D2559B2 /* Build configuration list for PBXProject "BalootHub" */ = {
			isa = XCConfigurationList;
			buildConfigurations = (
				0B94CE9C1C5C48F2B49C5A6E /* Debug */,
				F3C557BED59D461F971F71A5 /* Release */,
			);
			defaultConfigurationIsVisible = 0;
			defaultConfigurationName = Release;
		};
		ED4F2A14216E401583AED4FD /* Build configuration list for PBXNativeTarget "BalootHub" */ = {
			isa = XCConfigurationList;
			buildConfigurations = (
				FF09D58F41F6440CBA5AA111 /* Debug */,
				11B0454EA9444943B2A4762D /* Release */,
			);
			defaultConfigurationIsVisible = 0;
			defaultConfigurationName = Release;
		};
		352BF0E32A494CAA8F15E58D /* Build configuration list for PBXNativeTarget "BalootHubTests" */ = {
			isa = XCConfigurationList;
			buildConfigurations = (
				E56A6D744F134C26BA697A85 /* Debug */,
				CBCA91BB43F54C1EB726FA5C /* Release */,
			);
			defaultConfigurationIsVisible = 0;
			defaultConfigurationName = Release;
		};
/* End XCConfigurationList section */

/* Begin XCLocalSwiftPackageReference section */
		A699A8C497FD494884E3B728 /* XCLocalSwiftPackageReference "Packages/BalootEngine" */ = {
			isa = XCLocalSwiftPackageReference;
			relativePath = "Packages/BalootEngine";
		};
/* End XCLocalSwiftPackageReference section */

/* Begin XCSwiftPackageProductDependency section */
		4590EC0E0CDB435687D96BE3 /* BalootEngine */ = {
			isa = XCSwiftPackageProductDependency;
			package = A699A8C497FD494884E3B728 /* XCLocalSwiftPackageReference "Packages/BalootEngine" */;
			productName = BalootEngine;
		};
/* End XCSwiftPackageProductDependency section */

	};
	rootObject = 450200F0F1554C079B862A5E /* Project object */;
}
